
Microsoft Visual Studio Solution File, Format Version 12.00
# Visual Studio Version 17
VisualStudioVersion = 17.14.36327.8 d17.14
MinimumVisualStudioVersion = 10.0.40219.1
Project("{FAE04EC0-301F-11D3-BF4B-00C04F79EFBC}") = "SeriTrace", "SeriTrace\SeriTrace.csproj", "{6E8EE2B9-34EC-475C-A734-177297AC5363}"
EndProject
Project("{FAE04EC0-301F-11D3-BF4B-00C04F79EFBC}") = "SeriTrace.DemoApi", "SeriTrace.DemoApi\SeriTrace.DemoApi.csproj", "{645733B4-95B6-EF29-AFF4-DE29B9D35138}"
EndProject
Project("{E53339B2-1760-4266-BCC7-CA923CBCF16C}") = "docker-compose", "docker-compose.dcproj", "{81DDED9D-158B-E303-5F62-77A2896D2A5A}"
EndProject
Global
	GlobalSection(SolutionConfigurationPlatforms) = preSolution
		Debug|Any CPU = Debug|Any CPU
		Release|Any CPU = Release|Any CPU
	EndGlobalSection
	GlobalSection(ProjectConfigurationPlatforms) = postSolution
		{6E8EE2B9-34EC-475C-A734-177297AC5363}.Debug|Any CPU.ActiveCfg = Debug|Any CPU
		{6E8EE2B9-34EC-475C-A734-177297AC5363}.Debug|Any CPU.Build.0 = Debug|Any CPU
		{6E8EE2B9-34EC-475C-A734-177297AC5363}.Release|Any CPU.ActiveCfg = Release|Any CPU
		{6E8EE2B9-34EC-475C-A734-177297AC5363}.Release|Any CPU.Build.0 = Release|Any CPU
		{645733B4-95B6-EF29-AFF4-DE29B9D35138}.Debug|Any CPU.ActiveCfg = Debug|Any CPU
		{645733B4-95B6-EF29-AFF4-DE29B9D35138}.Debug|Any CPU.Build.0 = Debug|Any CPU
		{645733B4-95B6-EF29-AFF4-DE29B9D35138}.Release|Any CPU.ActiveCfg = Release|Any CPU
		{645733B4-95B6-EF29-AFF4-DE29B9D35138}.Release|Any CPU.Build.0 = Release|Any CPU
		{81DDED9D-158B-E303-5F62-77A2896D2A5A}.Debug|Any CPU.ActiveCfg = Debug|Any CPU
		{81DDED9D-158B-E303-5F62-77A2896D2A5A}.Debug|Any CPU.Build.0 = Debug|Any CPU
		{81DDED9D-158B-E303-5F62-77A2896D2A5A}.Release|Any CPU.ActiveCfg = Release|Any CPU
		{81DDED9D-158B-E303-5F62-77A2896D2A5A}.Release|Any CPU.Build.0 = Release|Any CPU
	EndGlobalSection
	GlobalSection(SolutionProperties) = preSolution
		HideSolutionNode = FALSE
	EndGlobalSection
	GlobalSection(ExtensibilityGlobals) = postSolution
		SolutionGuid = {2617C9D8-A516-4106-8162-78D7D0547618}
	EndGlobalSection
EndGlobal
